
Microsoft Visual Studio Solution File, Format Version 12.00
# Visual Studio Version 16
VisualStudioVersion = 16.0.31424.327
MinimumVisualStudioVersion = 10.0.40219.1
Project("{9A19103F-16F7-4668-BE54-9A1E7A4F7556}") = "WorkerService", "WorkerService\WorkerService.csproj", "{7F191A20-6623-408A-A9A0-6A6F89EF0272}"
EndProject
Global
	GlobalSection(SolutionConfigurationPlatforms) = preSolution
		Debug|Any CPU = Debug|Any CPU
		Release|Any CPU = Release|Any CPU
	EndGlobalSection
	GlobalSection(ProjectConfigurationPlatforms) = postSolution
		{7F191A20-6623-408A-A9A0-6A6F89EF0272}.Debug|Any CPU.ActiveCfg = Debug|Any CPU
		{7F191A20-6623-408A-A9A0-6A6F89EF0272}.Debug|Any CPU.Build.0 = Debug|Any CPU
		{7F191A20-6623-408A-A9A0-6A6F89EF0272}.Release|Any CPU.ActiveCfg = Release|Any CPU
		{7F191A20-6623-408A-A9A0-6A6F89EF0272}.Release|Any CPU.Build.0 = Release|Any CPU
	EndGlobalSection
	GlobalSection(SolutionProperties) = preSolution
		HideSolutionNode = FALSE
	EndGlobalSection
	GlobalSection(ExtensibilityGlobals) = postSolution
		SolutionGuid = {2FE0C5BA-1872-43A3-AB9A-4EA1497293B9}
	EndGlobalSection
EndGlobal
